
Microsoft Visual Studio Solution File, Format Version 12.00
# Visual Studio for Mac
Project("{FAE04EC0-301F-11D3-BF4B-00C04F79EFBC}") = "Assembly-CSharp", "Assembly-CSharp.csproj", "{C05EFAE7-D262-42B2-B123-F62836361A25}"
EndProject
Project("{FAE04EC0-301F-11D3-BF4B-00C04F79EFBC}") = "Assembly-CSharp-Editor", "Assembly-CSharp-Editor.csproj", "{27C5F06F-CA15-704D-DEF3-C26D13D0A99B}"
EndProject
Global
	GlobalSection(SolutionConfigurationPlatforms) = preSolution
		Debug|Any CPU = Debug|Any CPU
		Release|Any CPU = Release|Any CPU
	EndGlobalSection
	GlobalSection(ProjectConfigurationPlatforms) = postSolution
		{C05EFAE7-D262-42B2-B123-F62836361A25}.Debug|Any CPU.ActiveCfg = Debug|Any CPU
		{C05EFAE7-D262-42B2-B123-F62836361A25}.Debug|Any CPU.Build.0 = Debug|Any CPU
		{C05EFAE7-D262-42B2-B123-F62836361A25}.Release|Any CPU.ActiveCfg = Release|Any CPU
		{C05EFAE7-D262-42B2-B123-F62836361A25}.Release|Any CPU.Build.0 = Release|Any CPU
		{27C5F06F-CA15-704D-DEF3-C26D13D0A99B}.Debug|Any CPU.ActiveCfg = Debug|Any CPU
		{27C5F06F-CA15-704D-DEF3-C26D13D0A99B}.Debug|Any CPU.Build.0 = Debug|Any CPU
		{27C5F06F-CA15-704D-DEF3-C26D13D0A99B}.Release|Any CPU.ActiveCfg = Release|Any CPU
		{27C5F06F-CA15-704D-DEF3-C26D13D0A99B}.Release|Any CPU.Build.0 = Release|Any CPU
	EndGlobalSection
	GlobalSection(SolutionProperties) = preSolution
		HideSolutionNode = FALSE
	EndGlobalSection
EndGlobal
